// !$*UTF8*$!
{
	archiveVersion = 1;
	classes = {
	};
	objectVersion = 46;
	objects = {

/* Begin PBXBuildFile section */
		0A9FE4623B53484DE2BFE77A /* GestureDetector.swift in Sources */ = {isa = PBXBuildFile; fileRef = 0AE46F7CFFA33F10BECC2A6F /* GestureDetector.swift */; };
		2D791EAE4FABF131EBF0CCA3 /* ScreenCapturePermissionService.swift in Sources */ = {isa = PBXBuildFile; fileRef = 306C5DF3A18B349106E735AF /* ScreenCapturePermissionService.swift */; };
		358D429992E50DE6182D921D /* HeadphoneMotionService.swift in Sources */ = {isa = PBXBuildFile; fileRef = 203C4540A719297C26B8C0A0 /* HeadphoneMotionService.swift */; };
		38B2A060ED975F82577CBA09 /* SettingsView.swift in Sources */ = {isa = PBXBuildFile; fileRef = 8D0432B2294B8D66C0C1DF87 /* SettingsView.swift */; };
		52581F6CDCB7FE78CC28DB3F /* Cocoa.framework in Frameworks */ = {isa = PBXBuildFile; fileRef = B65BC71597ED363A06CE832E /* Cocoa.framework */; };
		A35F2B0AE748C98E0A81BAE9 /* ClaudeNodPaths.swift in Sources */ = {isa = PBXBuildFile; fileRef = 3B2B7BBD97204BA0C882CA7A /* ClaudeNodPaths.swift */; };
		A8B52DBB4F8729A202AEC1A5 /* ClaudePromptDetector.swift in Sources */ = {isa = PBXBuildFile; fileRef = 74C5891FBA9611A22A61A689 /* ClaudePromptDetector.swift */; };
		A9E34656A4D61BB97776A0D7 /* ClaudeNodApp.swift in Sources */ = {isa = PBXBuildFile; fileRef = 42F0EDD4DFE2B37711C1E68A /* ClaudeNodApp.swift */; };
		AFDB8E2CE9A50FECBB5D27EB /* AppState.swift in Sources */ = {isa = PBXBuildFile; fileRef = B2C73E9CCAB097E43395336D /* AppState.swift */; };
		B5A938703B67D5DA5B47447D /* MenuBarView.swift in Sources */ = {isa = PBXBuildFile; fileRef = D77334885AD6CA11336C497B /* MenuBarView.swift */; };
		B762176D5C554DA9FB24D79F /* ClaudeNodBridge.swift in Sources */ = {isa = PBXBuildFile; fileRef = C7CD6F525FBA694FC45B9EC6 /* ClaudeNodBridge.swift */; };
		D70D652CC155C19A0658CBA1 /* ClaudeCodeController.swift in Sources */ = {isa = PBXBuildFile; fileRef = 5A4976676A417A7F5D3B850E /* ClaudeCodeController.swift */; };
		DB50C0E2703923D2C1E714D2 /* ChoiceOverlayController.swift in Sources */ = {isa = PBXBuildFile; fileRef = 74601FE79EE031E81D75F52A /* ChoiceOverlayController.swift */; };
		F2E3520B0BFC7D8073748244 /* AccessibilityPermissionService.swift in Sources */ = {isa = PBXBuildFile; fileRef = D55D2D9BD1DDB73B3EE299D3 /* AccessibilityPermissionService.swift */; };
/* End PBXBuildFile section */

/* Begin PBXFileReference section */
		0AE46F7CFFA33F10BECC2A6F /* GestureDetector.swift */ = {isa = PBXFileReference; includeInIndex = 1; lastKnownFileType = sourcecode.swift; path = GestureDetector.swift; sourceTree = "<group>"; };
		203C4540A719297C26B8C0A0 /* HeadphoneMotionService.swift */ = {isa = PBXFileReference; includeInIndex = 1; lastKnownFileType = sourcecode.swift; path = HeadphoneMotionService.swift; sourceTree = "<group>"; };
		306C5DF3A18B349106E735AF /* ScreenCapturePermissionService.swift */ = {isa = PBXFileReference; includeInIndex = 1; lastKnownFileType = sourcecode.swift; path = ScreenCapturePermissionService.swift; sourceTree = "<group>"; };
		3B2B7BBD97204BA0C882CA7A /* ClaudeNodPaths.swift */ = {isa = PBXFileReference; includeInIndex = 1; lastKnownFileType = sourcecode.swift; path = ClaudeNodPaths.swift; sourceTree = "<group>"; };
		42F0EDD4DFE2B37711C1E68A /* ClaudeNodApp.swift */ = {isa = PBXFileReference; includeInIndex = 1; lastKnownFileType = sourcecode.swift; path = ClaudeNodApp.swift; sourceTree = "<group>"; };
		5A4976676A417A7F5D3B850E /* ClaudeCodeController.swift */ = {isa = PBXFileReference; includeInIndex = 1; lastKnownFileType = sourcecode.swift; path = ClaudeCodeController.swift; sourceTree = "<group>"; };
		74601FE79EE031E81D75F52A /* ChoiceOverlayController.swift */ = {isa = PBXFileReference; includeInIndex = 1; lastKnownFileType = sourcecode.swift; path = ChoiceOverlayController.swift; sourceTree = "<group>"; };
		74C5891FBA9611A22A61A689 /* ClaudePromptDetector.swift */ = {isa = PBXFileReference; includeInIndex = 1; lastKnownFileType = sourcecode.swift; path = ClaudePromptDetector.swift; sourceTree = "<group>"; };
		8D0432B2294B8D66C0C1DF87 /* SettingsView.swift */ = {isa = PBXFileReference; includeInIndex = 1; lastKnownFileType = sourcecode.swift; path = SettingsView.swift; sourceTree = "<group>"; };
		9419F69F0C7A2AB642674F55 /* ClaudeNod.app */ = {isa = PBXFileReference; explicitFileType = wrapper.application; includeInIndex = 0; name = ClaudeNod.app; path = ClaudeNod.app; sourceTree = BUILT_PRODUCTS_DIR; };
		B2BC02A4E85ED533982364D7 /* ClaudeNod-Info.plist */ = {isa = PBXFileReference; includeInIndex = 1; lastKnownFileType = text.plist.xml; path = "ClaudeNod-Info.plist"; sourceTree = "<group>"; };
		B2C73E9CCAB097E43395336D /* AppState.swift */ = {isa = PBXFileReference; includeInIndex = 1; lastKnownFileType = sourcecode.swift; path = AppState.swift; sourceTree = "<group>"; };
		B65BC71597ED363A06CE832E /* Cocoa.framework */ = {isa = PBXFileReference; lastKnownFileType = wrapper.framework; name = Cocoa.framework; path = Platforms/MacOSX.platform/Developer/SDKs/MacOSX15.0.sdk/System/Library/Frameworks/Cocoa.framework; sourceTree = DEVELOPER_DIR; };
		C7CD6F525FBA694FC45B9EC6 /* ClaudeNodBridge.swift */ = {isa = PBXFileReference; includeInIndex = 1; lastKnownFileType = sourcecode.swift; path = ClaudeNodBridge.swift; sourceTree = "<group>"; };
		D55D2D9BD1DDB73B3EE299D3 /* AccessibilityPermissionService.swift */ = {isa = PBXFileReference; includeInIndex = 1; lastKnownFileType = sourcecode.swift; path = AccessibilityPermissionService.swift; sourceTree = "<group>"; };
		D77334885AD6CA11336C497B /* MenuBarView.swift */ = {isa = PBXFileReference; includeInIndex = 1; lastKnownFileType = sourcecode.swift; path = MenuBarView.swift; sourceTree = "<group>"; };
/* End PBXFileReference section */

/* Begin PBXFrameworksBuildPhase section */
		E72416BDB62C37BD996AC42F /* Frameworks */ = {
			isa = PBXFrameworksBuildPhase;
			buildActionMask = 2147483647;
			files = (
				52581F6CDCB7FE78CC28DB3F /* Cocoa.framework in Frameworks */,
			);
			runOnlyForDeploymentPostprocessing = 0;
		};
/* End PBXFrameworksBuildPhase section */

/* Begin PBXGroup section */
		01391A02FFDF5FF2E2908691 /* Products */ = {
			isa = PBXGroup;
			children = (
				9419F69F0C7A2AB642674F55 /* ClaudeNod.app */,
			);
			name = Products;
			sourceTree = "<group>";
		};
		525116AF43EFBD213221110D /* Frameworks */ = {
			isa = PBXGroup;
			children = (
				8E02933B5CA1F03524CAAB69 /* OS X */,
			);
			name = Frameworks;
			sourceTree = "<group>";
		};
		8E02933B5CA1F03524CAAB69 /* OS X */ = {
			isa = PBXGroup;
			children = (
				B65BC71597ED363A06CE832E /* Cocoa.framework */,
			);
			name = "OS X";
			sourceTree = "<group>";
		};
		96169592F23C52F9C91B000F = {
			isa = PBXGroup;
			children = (
				01391A02FFDF5FF2E2908691 /* Products */,
				525116AF43EFBD213221110D /* Frameworks */,
				F6A4EE2F7E03306B19200EC0 /* Sources */,
				EBF3BD27F74F2C5C99B06236 /* Config */,
			);
			sourceTree = "<group>";
		};
		EBF3BD27F74F2C5C99B06236 /* Config */ = {
			isa = PBXGroup;
			children = (
				B2BC02A4E85ED533982364D7 /* ClaudeNod-Info.plist */,
			);
			name = Config;
			path = Config;
			sourceTree = "<group>";
		};
		F6A4EE2F7E03306B19200EC0 /* Sources */ = {
			isa = PBXGroup;
			children = (
				D55D2D9BD1DDB73B3EE299D3 /* AccessibilityPermissionService.swift */,
				B2C73E9CCAB097E43395336D /* AppState.swift */,
				74601FE79EE031E81D75F52A /* ChoiceOverlayController.swift */,
				5A4976676A417A7F5D3B850E /* ClaudeCodeController.swift */,
				42F0EDD4DFE2B37711C1E68A /* ClaudeNodApp.swift */,
				C7CD6F525FBA694FC45B9EC6 /* ClaudeNodBridge.swift */,
				3B2B7BBD97204BA0C882CA7A /* ClaudeNodPaths.swift */,
				74C5891FBA9611A22A61A689 /* ClaudePromptDetector.swift */,
				0AE46F7CFFA33F10BECC2A6F /* GestureDetector.swift */,
				203C4540A719297C26B8C0A0 /* HeadphoneMotionService.swift */,
				D77334885AD6CA11336C497B /* MenuBarView.swift */,
				306C5DF3A18B349106E735AF /* ScreenCapturePermissionService.swift */,
				8D0432B2294B8D66C0C1DF87 /* SettingsView.swift */,
			);
			name = Sources;
			path = Sources;
			sourceTree = "<group>";
		};
/* End PBXGroup section */

/* Begin PBXNativeTarget section */
		E030E9489579FE65B762D1AD /* ClaudeNod */ = {
			isa = PBXNativeTarget;
			buildConfigurationList = 979E131B949B5A497AE94956 /* Build configuration list for PBXNativeTarget "ClaudeNod" */;
			buildPhases = (
				9F9953E543461447BE443285 /* Sources */,
				E72416BDB62C37BD996AC42F /* Frameworks */,
				B272380291B192E25C40880E /* Resources */,
			);
			buildRules = (
			);
			dependencies = (
			);
			name = ClaudeNod;
			productName = ClaudeNod;
			productReference = 9419F69F0C7A2AB642674F55 /* ClaudeNod.app */;
			productType = "com.apple.product-type.application";
		};
/* End PBXNativeTarget section */

/* Begin PBXProject section */
		B040361E535FB1A82311DF01 /* Project object */ = {
			isa = PBXProject;
			attributes = {
				LastSwiftUpdateCheck = 1600;
				LastUpgradeCheck = 1600;
			};
			buildConfigurationList = 5E8B2DCF430B50F132DEC92A /* Build configuration list for PBXProject "ClaudeNod" */;
			compatibilityVersion = "Xcode 3.2";
			developmentRegion = en;
			hasScannedForEncodings = 0;
			knownRegions = (
				en,
				Base,
			);
			mainGroup = 96169592F23C52F9C91B000F;
			minimizedProjectReferenceProxies = 0;
			preferredProjectObjectVersion = 77;
			productRefGroup = 01391A02FFDF5FF2E2908691 /* Products */;
			projectDirPath = "";
			projectRoot = "";
			targets = (
				E030E9489579FE65B762D1AD /* ClaudeNod */,
			);
		};
/* End PBXProject section */

/* Begin PBXResourcesBuildPhase section */
		B272380291B192E25C40880E /* Resources */ = {
			isa = PBXResourcesBuildPhase;
			buildActionMask = 2147483647;
			files = (
			);
			runOnlyForDeploymentPostprocessing = 0;
		};
/* End PBXResourcesBuildPhase section */

/* Begin PBXSourcesBuildPhase section */
		9F9953E543461447BE443285 /* Sources */ = {
			isa = PBXSourcesBuildPhase;
			buildActionMask = 2147483647;
			files = (
				F2E3520B0BFC7D8073748244 /* AccessibilityPermissionService.swift in Sources */,
				AFDB8E2CE9A50FECBB5D27EB /* AppState.swift in Sources */,
				DB50C0E2703923D2C1E714D2 /* ChoiceOverlayController.swift in Sources */,
				D70D652CC155C19A0658CBA1 /* ClaudeCodeController.swift in Sources */,
				A9E34656A4D61BB97776A0D7 /* ClaudeNodApp.swift in Sources */,
				B762176D5C554DA9FB24D79F /* ClaudeNodBridge.swift in Sources */,
				A35F2B0AE748C98E0A81BAE9 /* ClaudeNodPaths.swift in Sources */,
				A8B52DBB4F8729A202AEC1A5 /* ClaudePromptDetector.swift in Sources */,
				0A9FE4623B53484DE2BFE77A /* GestureDetector.swift in Sources */,
				358D429992E50DE6182D921D /* HeadphoneMotionService.swift in Sources */,
				B5A938703B67D5DA5B47447D /* MenuBarView.swift in Sources */,
				2D791EAE4FABF131EBF0CCA3 /* ScreenCapturePermissionService.swift in Sources */,
				38B2A060ED975F82577CBA09 /* SettingsView.swift in Sources */,
			);
			runOnlyForDeploymentPostprocessing = 0;
		};
/* End PBXSourcesBuildPhase section */

/* Begin XCBuildConfiguration section */
		24CE26FF7C3BBF72CC53AE4C /* Release */ = {
			isa = XCBuildConfiguration;
			buildSettings = {
				ASSETCATALOG_COMPILER_APPICON_NAME = "";
				ASSETCATALOG_COMPILER_GLOBAL_ACCENT_COLOR_NAME = AccentColor;
				CODE_SIGN_STYLE = Automatic;
				COMBINE_HIDPI_IMAGES = YES;
				CURRENT_PROJECT_VERSION = 1;
				DEVELOPMENT_TEAM = "";
				ENABLE_APP_SANDBOX = NO;
				GENERATE_INFOPLIST_FILE = NO;
				INFOPLIST_FILE = "Config/ClaudeNod-Info.plist";
				LD_RUNPATH_SEARCH_PATHS = "$(inherited) @executable_path/../Frameworks";
				MACOSX_DEPLOYMENT_TARGET = 14.0;
				MARKETING_VERSION = 0.1.0;
				PRODUCT_BUNDLE_IDENTIFIER = com.senketsukamui.claudenod;
				PRODUCT_NAME = "$(TARGET_NAME)";
				SDKROOT = macosx;
				SWIFT_VERSION = 6.0;
			};
			name = Release;
		};
		28CEED211A498ECF6774EA0C /* Debug */ = {
			isa = XCBuildConfiguration;
			buildSettings = {
				ALWAYS_SEARCH_USER_PATHS = NO;
				CLANG_ANALYZER_NONNULL = YES;
				CLANG_ANALYZER_NUMBER_OBJECT_CONVERSION = YES_AGGRESSIVE;
				CLANG_CXX_LANGUAGE_STANDARD = "gnu++14";
				CLANG_CXX_LIBRARY = "libc++";
				CLANG_ENABLE_MODULES = YES;
				CLANG_ENABLE_OBJC_ARC = YES;
				CLANG_ENABLE_OBJC_WEAK = YES;
				CLANG_WARN_BLOCK_CAPTURE_AUTORELEASING = YES;
				CLANG_WARN_BOOL_CONVERSION = YES;
				CLANG_WARN_COMMA = YES;
				CLANG_WARN_CONSTANT_CONVERSION = YES;
				CLANG_WARN_DEPRECATED_OBJC_IMPLEMENTATIONS = YES;
				CLANG_WARN_DIRECT_OBJC_ISA_USAGE = YES_ERROR;
				CLANG_WARN_DOCUMENTATION_COMMENTS = YES;
				CLANG_WARN_EMPTY_BODY = YES;
				CLANG_WARN_ENUM_CONVERSION = YES;
				CLANG_WARN_INFINITE_RECURSION = YES;
				CLANG_WARN_INT_CONVERSION = YES;
				CLANG_WARN_NON_LITERAL_NULL_CONVERSION = YES;
				CLANG_WARN_OBJC_IMPLICIT_RETAIN_SELF = YES;
				CLANG_WARN_OBJC_LITERAL_CONVERSION = YES;
				CLANG_WARN_OBJC_ROOT_CLASS = YES_ERROR;
				CLANG_WARN_QUOTED_INCLUDE_IN_FRAMEWORK_HEADER = YES;
				CLANG_WARN_RANGE_LOOP_ANALYSIS = YES;
				CLANG_WARN_STRICT_PROTOTYPES = YES;
				CLANG_WARN_SUSPICIOUS_MOVE = YES;
				CLANG_WARN_UNGUARDED_AVAILABILITY = YES_AGGRESSIVE;
				CLANG_WARN_UNREACHABLE_CODE = YES;
				CLANG_WARN__DUPLICATE_METHOD_MATCH = YES;
				COPY_PHASE_STRIP = NO;
				DEBUG_INFORMATION_FORMAT = dwarf;
				ENABLE_STRICT_OBJC_MSGSEND = YES;
				ENABLE_TESTABILITY = YES;
				GCC_C_LANGUAGE_STANDARD = gnu11;
				GCC_DYNAMIC_NO_PIC = NO;
				GCC_NO_COMMON_BLOCKS = YES;
				GCC_OPTIMIZATION_LEVEL = 0;
				GCC_PREPROCESSOR_DEFINITIONS = (
					"DEBUG=1",
					"$(inherited)",
				);
				GCC_WARN_64_TO_32_BIT_CONVERSION = YES;
				GCC_WARN_ABOUT_RETURN_TYPE = YES_ERROR;
				GCC_WARN_UNDECLARED_SELECTOR = YES;
				GCC_WARN_UNINITIALIZED_AUTOS = YES_AGGRESSIVE;
				GCC_WARN_UNUSED_FUNCTION = YES;
				GCC_WARN_UNUSED_VARIABLE = YES;
				MACOSX_DEPLOYMENT_TARGET = 14.0;
				MTL_ENABLE_DEBUG_INFO = INCLUDE_SOURCE;
				MTL_FAST_MATH = YES;
				ONLY_ACTIVE_ARCH = YES;
				PRODUCT_NAME = "$(TARGET_NAME)";
				SWIFT_ACTIVE_COMPILATION_CONDITIONS = DEBUG;
				SWIFT_OPTIMIZATION_LEVEL = "-Onone";
				SWIFT_VERSION = 5.0;
			};
			name = Debug;
		};
		32606A5CAECE9E86FB882F10 /* Debug */ = {
			isa = XCBuildConfiguration;
			buildSettings = {
				ASSETCATALOG_COMPILER_APPICON_NAME = "";
				ASSETCATALOG_COMPILER_GLOBAL_ACCENT_COLOR_NAME = AccentColor;
				CODE_SIGN_STYLE = Automatic;
				COMBINE_HIDPI_IMAGES = YES;
				CURRENT_PROJECT_VERSION = 1;
				DEVELOPMENT_TEAM = "";
				ENABLE_APP_SANDBOX = NO;
				GENERATE_INFOPLIST_FILE = NO;
				INFOPLIST_FILE = "Config/ClaudeNod-Info.plist";
				LD_RUNPATH_SEARCH_PATHS = "$(inherited) @executable_path/../Frameworks";
				MACOSX_DEPLOYMENT_TARGET = 14.0;
				MARKETING_VERSION = 0.1.0;
				PRODUCT_BUNDLE_IDENTIFIER = com.senketsukamui.claudenod;
				PRODUCT_NAME = "$(TARGET_NAME)";
				SDKROOT = macosx;
				SWIFT_VERSION = 6.0;
			};
			name = Debug;
		};
		F749EA34C70A72814D262F49 /* Release */ = {
			isa = XCBuildConfiguration;
			buildSettings = {
				ALWAYS_SEARCH_USER_PATHS = NO;
				CLANG_ANALYZER_NONNULL = YES;
				CLANG_ANALYZER_NUMBER_OBJECT_CONVERSION = YES_AGGRESSIVE;
				CLANG_CXX_LANGUAGE_STANDARD = "gnu++14";
				CLANG_CXX_LIBRARY = "libc++";
				CLANG_ENABLE_MODULES = YES;
				CLANG_ENABLE_OBJC_ARC = YES;
				CLANG_ENABLE_OBJC_WEAK = YES;
				CLANG_WARN_BLOCK_CAPTURE_AUTORELEASING = YES;
				CLANG_WARN_BOOL_CONVERSION = YES;
				CLANG_WARN_COMMA = YES;
				CLANG_WARN_CONSTANT_CONVERSION = YES;
				CLANG_WARN_DEPRECATED_OBJC_IMPLEMENTATIONS = YES;
				CLANG_WARN_DIRECT_OBJC_ISA_USAGE = YES_ERROR;
				CLANG_WARN_DOCUMENTATION_COMMENTS = YES;
				CLANG_WARN_EMPTY_BODY = YES;
				CLANG_WARN_ENUM_CONVERSION = YES;
				CLANG_WARN_INFINITE_RECURSION = YES;
				CLANG_WARN_INT_CONVERSION = YES;
				CLANG_WARN_NON_LITERAL_NULL_CONVERSION = YES;
				CLANG_WARN_OBJC_IMPLICIT_RETAIN_SELF = YES;
				CLANG_WARN_OBJC_LITERAL_CONVERSION = YES;
				CLANG_WARN_OBJC_ROOT_CLASS = YES_ERROR;
				CLANG_WARN_QUOTED_INCLUDE_IN_FRAMEWORK_HEADER = YES;
				CLANG_WARN_RANGE_LOOP_ANALYSIS = YES;
				CLANG_WARN_STRICT_PROTOTYPES = YES;
				CLANG_WARN_SUSPICIOUS_MOVE = YES;
				CLANG_WARN_UNGUARDED_AVAILABILITY = YES_AGGRESSIVE;
				CLANG_WARN_UNREACHABLE_CODE = YES;
				CLANG_WARN__DUPLICATE_METHOD_MATCH = YES;
				COPY_PHASE_STRIP = NO;
				DEBUG_INFORMATION_FORMAT = "dwarf-with-dsym";
				ENABLE_NS_ASSERTIONS = NO;
				ENABLE_STRICT_OBJC_MSGSEND = YES;
				GCC_C_LANGUAGE_STANDARD = gnu11;
				GCC_NO_COMMON_BLOCKS = YES;
				GCC_WARN_64_TO_32_BIT_CONVERSION = YES;
				GCC_WARN_ABOUT_RETURN_TYPE = YES_ERROR;
				GCC_WARN_UNDECLARED_SELECTOR = YES;
				GCC_WARN_UNINITIALIZED_AUTOS = YES_AGGRESSIVE;
				GCC_WARN_UNUSED_FUNCTION = YES;
				GCC_WARN_UNUSED_VARIABLE = YES;
				MACOSX_DEPLOYMENT_TARGET = 14.0;
				MTL_ENABLE_DEBUG_INFO = NO;
				MTL_FAST_MATH = YES;
				PRODUCT_NAME = "$(TARGET_NAME)";
				SWIFT_COMPILATION_MODE = wholemodule;
				SWIFT_OPTIMIZATION_LEVEL = "-O";
				SWIFT_VERSION = 5.0;
			};
			name = Release;
		};
/* End XCBuildConfiguration section */

/* Begin XCConfigurationList section */
		5E8B2DCF430B50F132DEC92A /* Build configuration list for PBXProject "ClaudeNod" */ = {
			isa = XCConfigurationList;
			buildConfigurations = (
				28CEED211A498ECF6774EA0C /* Debug */,
				F749EA34C70A72814D262F49 /* Release */,
			);
			defaultConfigurationIsVisible = 0;
			defaultConfigurationName = Release;
		};
		979E131B949B5A497AE94956 /* Build configuration list for PBXNativeTarget "ClaudeNod" */ = {
			isa = XCConfigurationList;
			buildConfigurations = (
				24CE26FF7C3BBF72CC53AE4C /* Release */,
				32606A5CAECE9E86FB882F10 /* Debug */,
			);
			defaultConfigurationIsVisible = 0;
			defaultConfigurationName = Release;
		};
/* End XCConfigurationList section */
	};
	rootObject = B040361E535FB1A82311DF01 /* Project object */;
}
